
Microsoft Visual Studio Solution File, Format Version 12.00
# Visual Studio Version 17
VisualStudioVersion = 17.4.33213.308
MinimumVisualStudioVersion = 10.0.40219.1
Project("{FAE04EC0-301F-11D3-BF4B-00C04F79EFBC}") = "PRUEBA", "PRUEBA\PRUEBA.csproj", "{678A2A27-38ED-4C0D-A3AF-44F9FB4B651B}"
EndProject
Global
	GlobalSection(SolutionConfigurationPlatforms) = preSolution
		Debug|Any CPU = Debug|Any CPU
		Release|Any CPU = Release|Any CPU
	EndGlobalSection
	GlobalSection(ProjectConfigurationPlatforms) = postSolution
		{678A2A27-38ED-4C0D-A3AF-44F9FB4B651B}.Debug|Any CPU.ActiveCfg = Debug|Any CPU
		{678A2A27-38ED-4C0D-A3AF-44F9FB4B651B}.Debug|Any CPU.Build.0 = Debug|Any CPU
		{678A2A27-38ED-4C0D-A3AF-44F9FB4B651B}.Release|Any CPU.ActiveCfg = Release|Any CPU
		{678A2A27-38ED-4C0D-A3AF-44F9FB4B651B}.Release|Any CPU.Build.0 = Release|Any CPU
	EndGlobalSection
	GlobalSection(SolutionProperties) = preSolution
		HideSolutionNode = FALSE
	EndGlobalSection
	GlobalSection(ExtensibilityGlobals) = postSolution
		SolutionGuid = {3E856814-7667-4D46-8AF2-564584AA7659}
	EndGlobalSection
EndGlobal
